
Microsoft Visual Studio Solution File, Format Version 12.00
# Visual Studio Version 17
VisualStudioVersion = 17.3.32929.385
MinimumVisualStudioVersion = 10.0.40219.1
Project("{FAE04EC0-301F-11D3-BF4B-00C04F79EFBC}") = "Corrupt Your Own Files", "Corrupt Your Own Files.csproj", "{3E5EB098-99F4-43ED-9A00-CA7A957B2542}"
EndProject
Global
	GlobalSection(SolutionConfigurationPlatforms) = preSolution
		Debug|Any CPU = Debug|Any CPU
		Release|Any CPU = Release|Any CPU
	EndGlobalSection
	GlobalSection(ProjectConfigurationPlatforms) = postSolution
		{3E5EB098-99F4-43ED-9A00-CA7A957B2542}.Debug|Any CPU.ActiveCfg = Debug|Any CPU
		{3E5EB098-99F4-43ED-9A00-CA7A957B2542}.Debug|Any CPU.Build.0 = Debug|Any CPU
		{3E5EB098-99F4-43ED-9A00-CA7A957B2542}.Release|Any CPU.ActiveCfg = Release|Any CPU
		{3E5EB098-99F4-43ED-9A00-CA7A957B2542}.Release|Any CPU.Build.0 = Release|Any CPU
	EndGlobalSection
	GlobalSection(SolutionProperties) = preSolution
		HideSolutionNode = FALSE
	EndGlobalSection
	GlobalSection(ExtensibilityGlobals) = postSolution
		SolutionGuid = {428B3459-F1ED-4919-88DF-B6ACBA944D6A}
	EndGlobalSection
EndGlobal
